Microsoft Visual Studio Solution File, Format Version 12.00
# Visual Studio Version 17
VisualStudioVersion = 17.5.2.0
MinimumVisualStudioVersion = 10.0.40219.1
Project("{FAE04EC0-301F-11D3-BF4B-00C04F79EFBC}") = "BulkPdfSigner", "BulkPdfSigner\BulkPdfSigner.csproj", "{FDA91572-0C47-97D3-55A5-32F7678DAC59}"
EndProject
Global
	GlobalSection(SolutionConfigurationPlatforms) = preSolution
		Debug|Any CPU = Debug|Any CPU
		Release|Any CPU = Release|Any CPU
	EndGlobalSection
	GlobalSection(ProjectConfigurationPlatforms) = postSolution
		{FDA91572-0C47-97D3-55A5-32F7678DAC59}.Debug|Any CPU.ActiveCfg = Debug|Any CPU
		{FDA91572-0C47-97D3-55A5-32F7678DAC59}.Debug|Any CPU.Build.0 = Debug|Any CPU
		{FDA91572-0C47-97D3-55A5-32F7678DAC59}.Release|Any CPU.ActiveCfg = Release|Any CPU
		{FDA91572-0C47-97D3-55A5-32F7678DAC59}.Release|Any CPU.Build.0 = Release|Any CPU
	EndGlobalSection
	GlobalSection(SolutionProperties) = preSolution
		HideSolutionNode = FALSE
	EndGlobalSection
	GlobalSection(ExtensibilityGlobals) = postSolution
		SolutionGuid = {C6B5AE71-5C56-4DDE-9EE6-46B035BBBEB5}
	EndGlobalSection
EndGlobal
